// !$*UTF8*$!
{
	archiveVersion = 1;
	classes = {
	};
	objectVersion = 56;
	objects = {

/* Begin PBXBuildFile section */
		84415C0629D3820D0008291F /* ButtonView.swift in Sources */ = {isa = PBXBuildFile; fileRef = 84415C0529D3820D0008291F /* ButtonView.swift */; };
		84415C0829D3823E0008291F /* LoadingBarView.swift in Sources */ = {isa = PBXBuildFile; fileRef = 84415C0729D3823E0008291F /* LoadingBarView.swift */; };
		84415C0A29D382930008291F /* StorageDetailView.swift in Sources */ = {isa = PBXBuildFile; fileRef = 84415C0929D382930008291F /* StorageDetailView.swift */; };
		8464D80D29E2E3BB0075FFA6 /* AppDelegate.swift in Sources */ = {isa = PBXBuildFile; fileRef = 8464D80C29E2E3BB0075FFA6 /* AppDelegate.swift */; };
		8464D81A29E2EA430075FFA6 /* main.swift in Sources */ = {isa = PBXBuildFile; fileRef = 8464D81929E2EA430075FFA6 /* main.swift */; };
		8464D81C29E2EAF30075FFA6 /* AutoLauncher.app in CopyFiles */ = {isa = PBXBuildFile; fileRef = 8464D80A29E2E3BB0075FFA6 /* AutoLauncher.app */; settings = {ATTRIBUTES = (RemoveHeadersOnCopy, ); }; };
		8464D81F29E2EB4F0075FFA6 /* ServiceManagement.framework in Frameworks */ = {isa = PBXBuildFile; fileRef = 8464D81E29E2EB4F0075FFA6 /* ServiceManagement.framework */; };
		922CE67A29C3666F00803DFF /* StorageViewModel.swift in Sources */ = {isa = PBXBuildFile; fileRef = 922CE67929C3666F00803DFF /* StorageViewModel.swift */; };
		922CE67C29C3C38500803DFF /* Model.swift in Sources */ = {isa = PBXBuildFile; fileRef = 922CE67B29C3C38500803DFF /* Model.swift */; };
		922CE67E29C3C7F700803DFF /* ApplicationMenu.swift in Sources */ = {isa = PBXBuildFile; fileRef = 922CE67D29C3C7F700803DFF /* ApplicationMenu.swift */; };
		92667B5829D2ED980074060C /* Animations.swift in Sources */ = {isa = PBXBuildFile; fileRef = 92667B5729D2ED980074060C /* Animations.swift */; };
		92887F2D29DA127A0020933B /* OnboardingView.swift in Sources */ = {isa = PBXBuildFile; fileRef = 92887F2C29DA127A0020933B /* OnboardingView.swift */; };
		92887F2F29DA13A50020933B /* OnboardingViewModel.swift in Sources */ = {isa = PBXBuildFile; fileRef = 92887F2E29DA13A50020933B /* OnboardingViewModel.swift */; };
		92887F3329DA1FB70020933B /* UserDefaultManager.swift in Sources */ = {isa = PBXBuildFile; fileRef = 92887F3229DA1FB70020933B /* UserDefaultManager.swift */; };
		929420AF29E43A1D0087DD5B /* ToolbarView.swift in Sources */ = {isa = PBXBuildFile; fileRef = 929420AE29E43A1D0087DD5B /* ToolbarView.swift */; };
		929420B129E44CB40087DD5B /* ToolBarViewModel.swift in Sources */ = {isa = PBXBuildFile; fileRef = 929420B029E44CB40087DD5B /* ToolBarViewModel.swift */; };
		92E144F029C1D6C6008093B8 /* DeveloperStorageSaverApp.swift in Sources */ = {isa = PBXBuildFile; fileRef = 92E144EF29C1D6C6008093B8 /* DeveloperStorageSaverApp.swift */; };
		92E144F229C1D6C6008093B8 /* StorageMainView.swift in Sources */ = {isa = PBXBuildFile; fileRef = 92E144F129C1D6C6008093B8 /* StorageMainView.swift */; };
		92E144F429C1D6C7008093B8 /* Assets.xcassets in Resources */ = {isa = PBXBuildFile; fileRef = 92E144F329C1D6C7008093B8 /* Assets.xcassets */; };
		92E144F729C1D6C7008093B8 /* Preview Assets.xcassets in Resources */ = {isa = PBXBuildFile; fileRef = 92E144F629C1D6C7008093B8 /* Preview Assets.xcassets */; };
		92F2F1FA29D4328F00FE5AAF /* InfoView.swift in Sources */ = {isa = PBXBuildFile; fileRef = 92F2F1F929D4328F00FE5AAF /* InfoView.swift */; };
		92F2F1FE29D471FE00FE5AAF /* ImportantInfo.rtf in Resources */ = {isa = PBXBuildFile; fileRef = 92F2F1FD29D471FE00FE5AAF /* ImportantInfo.rtf */; };
/* End PBXBuildFile section */

/* Begin PBXCopyFilesBuildPhase section */
		8464D81B29E2EAB40075FFA6 /* CopyFiles */ = {
			isa = PBXCopyFilesBuildPhase;
			buildActionMask = 2147483647;
			dstPath = Contents/Library/LoginItems;
			dstSubfolderSpec = 1;
			files = (
				8464D81C29E2EAF30075FFA6 /* AutoLauncher.app in CopyFiles */,
			);
			runOnlyForDeploymentPostprocessing = 0;
		};
/* End PBXCopyFilesBuildPhase section */

/* Begin PBXFileReference section */
		84415C0529D3820D0008291F /* ButtonView.swift */ = {isa = PBXFileReference; lastKnownFileType = sourcecode.swift; path = ButtonView.swift; sourceTree = "<group>"; };
		84415C0729D3823E0008291F /* LoadingBarView.swift */ = {isa = PBXFileReference; lastKnownFileType = sourcecode.swift; path = LoadingBarView.swift; sourceTree = "<group>"; };
		84415C0929D382930008291F /* StorageDetailView.swift */ = {isa = PBXFileReference; lastKnownFileType = sourcecode.swift; path = StorageDetailView.swift; sourceTree = "<group>"; };
		8464D80A29E2E3BB0075FFA6 /* AutoLauncher.app */ = {isa = PBXFileReference; explicitFileType = wrapper.application; includeInIndex = 0; path = AutoLauncher.app; sourceTree = BUILT_PRODUCTS_DIR; };
		8464D80C29E2E3BB0075FFA6 /* AppDelegate.swift */ = {isa = PBXFileReference; lastKnownFileType = sourcecode.swift; path = AppDelegate.swift; sourceTree = "<group>"; };
		8464D81529E2E3BD0075FFA6 /* AutoLauncher.entitlements */ = {isa = PBXFileReference; lastKnownFileType = text.plist.entitlements; path = AutoLauncher.entitlements; sourceTree = "<group>"; };
		8464D81929E2EA430075FFA6 /* main.swift */ = {isa = PBXFileReference; lastKnownFileType = sourcecode.swift; path = main.swift; sourceTree = "<group>"; };
		8464D81E29E2EB4F0075FFA6 /* ServiceManagement.framework */ = {isa = PBXFileReference; lastKnownFileType = wrapper.framework; name = ServiceManagement.framework; path = System/Library/Frameworks/ServiceManagement.framework; sourceTree = SDKROOT; };
		922CE67929C3666F00803DFF /* StorageViewModel.swift */ = {isa = PBXFileReference; lastKnownFileType = sourcecode.swift; path = StorageViewModel.swift; sourceTree = "<group>"; };
		922CE67B29C3C38500803DFF /* Model.swift */ = {isa = PBXFileReference; lastKnownFileType = sourcecode.swift; path = Model.swift; sourceTree = "<group>"; };
		922CE67D29C3C7F700803DFF /* ApplicationMenu.swift */ = {isa = PBXFileReference; lastKnownFileType = sourcecode.swift; path = ApplicationMenu.swift; sourceTree = "<group>"; };
		92667B5729D2ED980074060C /* Animations.swift */ = {isa = PBXFileReference; lastKnownFileType = sourcecode.swift; path = Animations.swift; sourceTree = "<group>"; };
		92887F2C29DA127A0020933B /* OnboardingView.swift */ = {isa = PBXFileReference; lastKnownFileType = sourcecode.swift; path = OnboardingView.swift; sourceTree = "<group>"; };
		92887F2E29DA13A50020933B /* OnboardingViewModel.swift */ = {isa = PBXFileReference; lastKnownFileType = sourcecode.swift; path = OnboardingViewModel.swift; sourceTree = "<group>"; };
		92887F3229DA1FB70020933B /* UserDefaultManager.swift */ = {isa = PBXFileReference; lastKnownFileType = sourcecode.swift; path = UserDefaultManager.swift; sourceTree = "<group>"; };
		929420AE29E43A1D0087DD5B /* ToolbarView.swift */ = {isa = PBXFileReference; lastKnownFileType = sourcecode.swift; path = ToolbarView.swift; sourceTree = "<group>"; };
		929420B029E44CB40087DD5B /* ToolBarViewModel.swift */ = {isa = PBXFileReference; lastKnownFileType = sourcecode.swift; path = ToolBarViewModel.swift; sourceTree = "<group>"; };
		92E144EC29C1D6C6008093B8 /* DeveloperStorageSaver.app */ = {isa = PBXFileReference; explicitFileType = wrapper.application; includeInIndex = 0; path = DeveloperStorageSaver.app; sourceTree = BUILT_PRODUCTS_DIR; };
		92E144EF29C1D6C6008093B8 /* DeveloperStorageSaverApp.swift */ = {isa = PBXFileReference; lastKnownFileType = sourcecode.swift; path = DeveloperStorageSaverApp.swift; sourceTree = "<group>"; };
		92E144F129C1D6C6008093B8 /* StorageMainView.swift */ = {isa = PBXFileReference; lastKnownFileType = sourcecode.swift; path = StorageMainView.swift; sourceTree = "<group>"; };
		92E144F329C1D6C7008093B8 /* Assets.xcassets */ = {isa = PBXFileReference; lastKnownFileType = folder.assetcatalog; path = Assets.xcassets; sourceTree = "<group>"; };
		92E144F629C1D6C7008093B8 /* Preview Assets.xcassets */ = {isa = PBXFileReference; lastKnownFileType = folder.assetcatalog; path = "Preview Assets.xcassets"; sourceTree = "<group>"; };
		92E144F829C1D6C7008093B8 /* DeveloperStorageSaver.entitlements */ = {isa = PBXFileReference; lastKnownFileType = text.plist.entitlements; path = DeveloperStorageSaver.entitlements; sourceTree = "<group>"; };
		92E144FE29C1D865008093B8 /* Info.plist */ = {isa = PBXFileReference; lastKnownFileType = text.plist; path = Info.plist; sourceTree = "<group>"; };
		92F2F1F929D4328F00FE5AAF /* InfoView.swift */ = {isa = PBXFileReference; lastKnownFileType = sourcecode.swift; path = InfoView.swift; sourceTree = "<group>"; };
		92F2F1FD29D471FE00FE5AAF /* ImportantInfo.rtf */ = {isa = PBXFileReference; lastKnownFileType = text.rtf; path = ImportantInfo.rtf; sourceTree = "<group>"; };
/* End PBXFileReference section */

/* Begin PBXFrameworksBuildPhase section */
		8464D80729E2E3BB0075FFA6 /* Frameworks */ = {
			isa = PBXFrameworksBuildPhase;
			buildActionMask = 2147483647;
			files = (
			);
			runOnlyForDeploymentPostprocessing = 0;
		};
		92E144E929C1D6C6008093B8 /* Frameworks */ = {
			isa = PBXFrameworksBuildPhase;
			buildActionMask = 2147483647;
			files = (
				8464D81F29E2EB4F0075FFA6 /* ServiceManagement.framework in Frameworks */,
			);
			runOnlyForDeploymentPostprocessing = 0;
		};
/* End PBXFrameworksBuildPhase section */

/* Begin PBXGroup section */
		84415C0429D381F00008291F /* Storage */ = {
			isa = PBXGroup;
			children = (
				922CE67B29C3C38500803DFF /* Model.swift */,
				922CE67929C3666F00803DFF /* StorageViewModel.swift */,
				92E144F129C1D6C6008093B8 /* StorageMainView.swift */,
				84415C0929D382930008291F /* StorageDetailView.swift */,
				84415C0529D3820D0008291F /* ButtonView.swift */,
				84415C0729D3823E0008291F /* LoadingBarView.swift */,
			);
			path = Storage;
			sourceTree = "<group>";
		};
		8464D80B29E2E3BB0075FFA6 /* AutoLauncher */ = {
			isa = PBXGroup;
			children = (
				8464D80C29E2E3BB0075FFA6 /* AppDelegate.swift */,
				8464D81929E2EA430075FFA6 /* main.swift */,
				8464D81529E2E3BD0075FFA6 /* AutoLauncher.entitlements */,
			);
			path = AutoLauncher;
			sourceTree = "<group>";
		};
		8464D81D29E2EB4E0075FFA6 /* Frameworks */ = {
			isa = PBXGroup;
			children = (
				8464D81E29E2EB4F0075FFA6 /* ServiceManagement.framework */,
			);
			name = Frameworks;
			sourceTree = "<group>";
		};
		92887F3029DA1BD20020933B /* Onboarding */ = {
			isa = PBXGroup;
			children = (
				92887F2E29DA13A50020933B /* OnboardingViewModel.swift */,
				92887F2C29DA127A0020933B /* OnboardingView.swift */,
			);
			path = Onboarding;
			sourceTree = "<group>";
		};
		92887F3129DA1BF00020933B /* Tools */ = {
			isa = PBXGroup;
			children = (
				92F2F1F929D4328F00FE5AAF /* InfoView.swift */,
				929420AE29E43A1D0087DD5B /* ToolbarView.swift */,
				929420B029E44CB40087DD5B /* ToolBarViewModel.swift */,
			);
			path = Tools;
			sourceTree = "<group>";
		};
		92E144E329C1D6C6008093B8 = {
			isa = PBXGroup;
			children = (
				92E144EE29C1D6C6008093B8 /* DeveloperStorageSaver */,
				8464D80B29E2E3BB0075FFA6 /* AutoLauncher */,
				92E144ED29C1D6C6008093B8 /* Products */,
				8464D81D29E2EB4E0075FFA6 /* Frameworks */,
			);
			sourceTree = "<group>";
		};
		92E144ED29C1D6C6008093B8 /* Products */ = {
			isa = PBXGroup;
			children = (
				92E144EC29C1D6C6008093B8 /* DeveloperStorageSaver.app */,
				8464D80A29E2E3BB0075FFA6 /* AutoLauncher.app */,
			);
			name = Products;
			sourceTree = "<group>";
		};
		92E144EE29C1D6C6008093B8 /* DeveloperStorageSaver */ = {
			isa = PBXGroup;
			children = (
				92E144FE29C1D865008093B8 /* Info.plist */,
				92E144EF29C1D6C6008093B8 /* DeveloperStorageSaverApp.swift */,
				922CE67D29C3C7F700803DFF /* ApplicationMenu.swift */,
				92667B5729D2ED980074060C /* Animations.swift */,
				92887F3229DA1FB70020933B /* UserDefaultManager.swift */,
				92887F3029DA1BD20020933B /* Onboarding */,
				84415C0429D381F00008291F /* Storage */,
				92887F3129DA1BF00020933B /* Tools */,
				92E144F329C1D6C7008093B8 /* Assets.xcassets */,
				92E144F829C1D6C7008093B8 /* DeveloperStorageSaver.entitlements */,
				92E144F529C1D6C7008093B8 /* Preview Content */,
				92F2F1FD29D471FE00FE5AAF /* ImportantInfo.rtf */,
			);
			path = DeveloperStorageSaver;
			sourceTree = "<group>";
		};
		92E144F529C1D6C7008093B8 /* Preview Content */ = {
			isa = PBXGroup;
			children = (
				92E144F629C1D6C7008093B8 /* Preview Assets.xcassets */,
			);
			path = "Preview Content";
			sourceTree = "<group>";
		};
/* End PBXGroup section */

/* Begin PBXNativeTarget section */
		8464D80929E2E3BB0075FFA6 /* AutoLauncher */ = {
			isa = PBXNativeTarget;
			buildConfigurationList = 8464D81829E2E3BD0075FFA6 /* Build configuration list for PBXNativeTarget "AutoLauncher" */;
			buildPhases = (
				8464D80629E2E3BB0075FFA6 /* Sources */,
				8464D80729E2E3BB0075FFA6 /* Frameworks */,
				8464D80829E2E3BB0075FFA6 /* Resources */,
			);
			buildRules = (
			);
			dependencies = (
			);
			name = AutoLauncher;
			productName = AutoLauncher;
			productReference = 8464D80A29E2E3BB0075FFA6 /* AutoLauncher.app */;
			productType = "com.apple.product-type.application";
		};
		92E144EB29C1D6C6008093B8 /* DeveloperStorageSaver */ = {
			isa = PBXNativeTarget;
			buildConfigurationList = 92E144FB29C1D6C7008093B8 /* Build configuration list for PBXNativeTarget "DeveloperStorageSaver" */;
			buildPhases = (
				92E144E829C1D6C6008093B8 /* Sources */,
				92E144E929C1D6C6008093B8 /* Frameworks */,
				92E144EA29C1D6C6008093B8 /* Resources */,
				8464D81B29E2EAB40075FFA6 /* CopyFiles */,
			);
			buildRules = (
			);
			dependencies = (
			);
			name = DeveloperStorageSaver;
			productName = DeveloperStorageSaver;
			productReference = 92E144EC29C1D6C6008093B8 /* DeveloperStorageSaver.app */;
			productType = "com.apple.product-type.application";
		};
/* End PBXNativeTarget section */

/* Begin PBXProject section */
		92E144E429C1D6C6008093B8 /* Project object */ = {
			isa = PBXProject;
			attributes = {
				BuildIndependentTargetsInParallel = 1;
				LastSwiftUpdateCheck = 1420;
				LastUpgradeCheck = 1420;
				TargetAttributes = {
					8464D80929E2E3BB0075FFA6 = {
						CreatedOnToolsVersion = 14.2;
					};
					92E144EB29C1D6C6008093B8 = {
						CreatedOnToolsVersion = 14.2;
					};
				};
			};
			buildConfigurationList = 92E144E729C1D6C6008093B8 /* Build configuration list for PBXProject "DeveloperStorageSaver" */;
			compatibilityVersion = "Xcode 14.0";
			developmentRegion = en;
			hasScannedForEncodings = 0;
			knownRegions = (
				en,
				Base,
			);
			mainGroup = 92E144E329C1D6C6008093B8;
			productRefGroup = 92E144ED29C1D6C6008093B8 /* Products */;
			projectDirPath = "";
			projectRoot = "";
			targets = (
				92E144EB29C1D6C6008093B8 /* DeveloperStorageSaver */,
				8464D80929E2E3BB0075FFA6 /* AutoLauncher */,
			);
		};
/* End PBXProject section */

/* Begin PBXResourcesBuildPhase section */
		8464D80829E2E3BB0075FFA6 /* Resources */ = {
			isa = PBXResourcesBuildPhase;
			buildActionMask = 2147483647;
			files = (
			);
			runOnlyForDeploymentPostprocessing = 0;
		};
		92E144EA29C1D6C6008093B8 /* Resources */ = {
			isa = PBXResourcesBuildPhase;
			buildActionMask = 2147483647;
			files = (
				92E144F729C1D6C7008093B8 /* Preview Assets.xcassets in Resources */,
				92F2F1FE29D471FE00FE5AAF /* ImportantInfo.rtf in Resources */,
				92E144F429C1D6C7008093B8 /* Assets.xcassets in Resources */,
			);
			runOnlyForDeploymentPostprocessing = 0;
		};
/* End PBXResourcesBuildPhase section */

/* Begin PBXSourcesBuildPhase section */
		8464D80629E2E3BB0075FFA6 /* Sources */ = {
			isa = PBXSourcesBuildPhase;
			buildActionMask = 2147483647;
			files = (
				8464D81A29E2EA430075FFA6 /* main.swift in Sources */,
				8464D80D29E2E3BB0075FFA6 /* AppDelegate.swift in Sources */,
			);
			runOnlyForDeploymentPostprocessing = 0;
		};
		92E144E829C1D6C6008093B8 /* Sources */ = {
			isa = PBXSourcesBuildPhase;
			buildActionMask = 2147483647;
			files = (
				92E144F229C1D6C6008093B8 /* StorageMainView.swift in Sources */,
				922CE67E29C3C7F700803DFF /* ApplicationMenu.swift in Sources */,
				92667B5829D2ED980074060C /* Animations.swift in Sources */,
				922CE67A29C3666F00803DFF /* StorageViewModel.swift in Sources */,
				92E144F029C1D6C6008093B8 /* DeveloperStorageSaverApp.swift in Sources */,
				84415C0829D3823E0008291F /* LoadingBarView.swift in Sources */,
				929420AF29E43A1D0087DD5B /* ToolbarView.swift in Sources */,
				922CE67C29C3C38500803DFF /* Model.swift in Sources */,
				92887F3329DA1FB70020933B /* UserDefaultManager.swift in Sources */,
				92887F2F29DA13A50020933B /* OnboardingViewModel.swift in Sources */,
				84415C0629D3820D0008291F /* ButtonView.swift in Sources */,
				92F2F1FA29D4328F00FE5AAF /* InfoView.swift in Sources */,
				84415C0A29D382930008291F /* StorageDetailView.swift in Sources */,
				929420B129E44CB40087DD5B /* ToolBarViewModel.swift in Sources */,
				92887F2D29DA127A0020933B /* OnboardingView.swift in Sources */,
			);
			runOnlyForDeploymentPostprocessing = 0;
		};
/* End PBXSourcesBuildPhase section */

/* Begin XCBuildConfiguration section */
		8464D81629E2E3BD0075FFA6 /* Debug */ = {
			isa = XCBuildConfiguration;
			buildSettings = {
				ASSETCATALOG_COMPILER_APPICON_NAME = AppIcon;
				ASSETCATALOG_COMPILER_GLOBAL_ACCENT_COLOR_NAME = AccentColor;
				CODE_SIGN_ENTITLEMENTS = AutoLauncher/AutoLauncher.entitlements;
				CODE_SIGN_STYLE = Automatic;
				COMBINE_HIDPI_IMAGES = YES;
				CURRENT_PROJECT_VERSION = 2;
				DEVELOPMENT_TEAM = M79UR55F3F;
				ENABLE_HARDENED_RUNTIME = YES;
				GENERATE_INFOPLIST_FILE = YES;
				INFOPLIST_KEY_LSBackgroundOnly = YES;
				INFOPLIST_KEY_NSHumanReadableCopyright = "";
				INFOPLIST_KEY_NSMainStoryboardFile = Main;
				INFOPLIST_KEY_NSPrincipalClass = NSApplication;
				LD_RUNPATH_SEARCH_PATHS = (
					"$(inherited)",
					"@executable_path/../Frameworks",
				);
				MACOSX_DEPLOYMENT_TARGET = 13.0;
				MARKETING_VERSION = 1.1;
				PRODUCT_BUNDLE_IDENTIFIER = com.niclasjeppsson.AutoLauncher;
				PRODUCT_NAME = "$(TARGET_NAME)";
				SKIP_INSTALL = YES;
				SWIFT_EMIT_LOC_STRINGS = YES;
				SWIFT_VERSION = 5.0;
			};
			name = Debug;
		};
		8464D81729E2E3BD0075FFA6 /* Release */ = {
			isa = XCBuildConfiguration;
			buildSettings = {
				ASSETCATALOG_COMPILER_APPICON_NAME = AppIcon;
				ASSETCATALOG_COMPILER_GLOBAL_ACCENT_COLOR_NAME = AccentColor;
				CODE_SIGN_ENTITLEMENTS = AutoLauncher/AutoLauncher.entitlements;
				"CODE_SIGN_IDENTITY[sdk=macosx*]" = "-";
				CODE_SIGN_STYLE = Automatic;
				COMBINE_HIDPI_IMAGES = YES;
				CURRENT_PROJECT_VERSION = 2;
				DEVELOPMENT_TEAM = M79UR55F3F;
				ENABLE_HARDENED_RUNTIME = YES;
				GENERATE_INFOPLIST_FILE = YES;
				INFOPLIST_KEY_LSBackgroundOnly = YES;
				INFOPLIST_KEY_NSHumanReadableCopyright = "";
				INFOPLIST_KEY_NSMainStoryboardFile = Main;
				INFOPLIST_KEY_NSPrincipalClass = NSApplication;
				LD_RUNPATH_SEARCH_PATHS = (
					"$(inherited)",
					"@executable_path/../Frameworks",
				);
				MACOSX_DEPLOYMENT_TARGET = 13.0;
				MARKETING_VERSION = 1.1;
				PRODUCT_BUNDLE_IDENTIFIER = com.niclasjeppsson.AutoLauncher;
				PRODUCT_NAME = "$(TARGET_NAME)";
				SKIP_INSTALL = YES;
				SWIFT_EMIT_LOC_STRINGS = YES;
				SWIFT_VERSION = 5.0;
			};
			name = Release;
		};
		92E144F929C1D6C7008093B8 /* Debug */ = {
			isa = XCBuildConfiguration;
			buildSettings = {
				ALWAYS_SEARCH_USER_PATHS = NO;
				CLANG_ANALYZER_NONNULL = YES;
				CLANG_ANALYZER_NUMBER_OBJECT_CONVERSION = YES_AGGRESSIVE;
				CLANG_CXX_LANGUAGE_STANDARD = "gnu++20";
				CLANG_ENABLE_MODULES = YES;
				CLANG_ENABLE_OBJC_ARC = YES;
				CLANG_ENABLE_OBJC_WEAK = YES;
				CLANG_WARN_BLOCK_CAPTURE_AUTORELEASING = YES;
				CLANG_WARN_BOOL_CONVERSION = YES;
				CLANG_WARN_COMMA = YES;
				CLANG_WARN_CONSTANT_CONVERSION = YES;
				CLANG_WARN_DEPRECATED_OBJC_IMPLEMENTATIONS = YES;
				CLANG_WARN_DIRECT_OBJC_ISA_USAGE = YES_ERROR;
				CLANG_WARN_DOCUMENTATION_COMMENTS = YES;
				CLANG_WARN_EMPTY_BODY = YES;
				CLANG_WARN_ENUM_CONVERSION = YES;
				CLANG_WARN_INFINITE_RECURSION = YES;
				CLANG_WARN_INT_CONVERSION = YES;
				CLANG_WARN_NON_LITERAL_NULL_CONVERSION = YES;
				CLANG_WARN_OBJC_IMPLICIT_RETAIN_SELF = YES;
				CLANG_WARN_OBJC_LITERAL_CONVERSION = YES;
				CLANG_WARN_OBJC_ROOT_CLASS = YES_ERROR;
				CLANG_WARN_QUOTED_INCLUDE_IN_FRAMEWORK_HEADER = YES;
				CLANG_WARN_RANGE_LOOP_ANALYSIS = YES;
				CLANG_WARN_STRICT_PROTOTYPES = YES;
				CLANG_WARN_SUSPICIOUS_MOVE = YES;
				CLANG_WARN_UNGUARDED_AVAILABILITY = YES_AGGRESSIVE;
				CLANG_WARN_UNREACHABLE_CODE = YES;
				CLANG_WARN__DUPLICATE_METHOD_MATCH = YES;
				COPY_PHASE_STRIP = NO;
				DEBUG_INFORMATION_FORMAT = dwarf;
				ENABLE_STRICT_OBJC_MSGSEND = YES;
				ENABLE_TESTABILITY = YES;
				GCC_C_LANGUAGE_STANDARD = gnu11;
				GCC_DYNAMIC_NO_PIC = NO;
				GCC_NO_COMMON_BLOCKS = YES;
				GCC_OPTIMIZATION_LEVEL = 0;
				GCC_PREPROCESSOR_DEFINITIONS = (
					"DEBUG=1",
					"$(inherited)",
				);
				GCC_WARN_64_TO_32_BIT_CONVERSION = YES;
				GCC_WARN_ABOUT_RETURN_TYPE = YES_ERROR;
				GCC_WARN_UNDECLARED_SELECTOR = YES;
				GCC_WARN_UNINITIALIZED_AUTOS = YES_AGGRESSIVE;
				GCC_WARN_UNUSED_FUNCTION = YES;
				GCC_WARN_UNUSED_VARIABLE = YES;
				MACOSX_DEPLOYMENT_TARGET = 13.0;
				MTL_ENABLE_DEBUG_INFO = INCLUDE_SOURCE;
				MTL_FAST_MATH = YES;
				ONLY_ACTIVE_ARCH = YES;
				SDKROOT = macosx;
				SWIFT_ACTIVE_COMPILATION_CONDITIONS = DEBUG;
				SWIFT_OPTIMIZATION_LEVEL = "-Onone";
			};
			name = Debug;
		};
		92E144FA29C1D6C7008093B8 /* Release */ = {
			isa = XCBuildConfiguration;
			buildSettings = {
				ALWAYS_SEARCH_USER_PATHS = NO;
				CLANG_ANALYZER_NONNULL = YES;
				CLANG_ANALYZER_NUMBER_OBJECT_CONVERSION = YES_AGGRESSIVE;
				CLANG_CXX_LANGUAGE_STANDARD = "gnu++20";
				CLANG_ENABLE_MODULES = YES;
				CLANG_ENABLE_OBJC_ARC = YES;
				CLANG_ENABLE_OBJC_WEAK = YES;
				CLANG_WARN_BLOCK_CAPTURE_AUTORELEASING = YES;
				CLANG_WARN_BOOL_CONVERSION = YES;
				CLANG_WARN_COMMA = YES;
				CLANG_WARN_CONSTANT_CONVERSION = YES;
				CLANG_WARN_DEPRECATED_OBJC_IMPLEMENTATIONS = YES;
				CLANG_WARN_DIRECT_OBJC_ISA_USAGE = YES_ERROR;
				CLANG_WARN_DOCUMENTATION_COMMENTS = YES;
				CLANG_WARN_EMPTY_BODY = YES;
				CLANG_WARN_ENUM_CONVERSION = YES;
				CLANG_WARN_INFINITE_RECURSION = YES;
				CLANG_WARN_INT_CONVERSION = YES;
				CLANG_WARN_NON_LITERAL_NULL_CONVERSION = YES;
				CLANG_WARN_OBJC_IMPLICIT_RETAIN_SELF = YES;
				CLANG_WARN_OBJC_LITERAL_CONVERSION = YES;
				CLANG_WARN_OBJC_ROOT_CLASS = YES_ERROR;
				CLANG_WARN_QUOTED_INCLUDE_IN_FRAMEWORK_HEADER = YES;
				CLANG_WARN_RANGE_LOOP_ANALYSIS = YES;
				CLANG_WARN_STRICT_PROTOTYPES = YES;
				CLANG_WARN_SUSPICIOUS_MOVE = YES;
				CLANG_WARN_UNGUARDED_AVAILABILITY = YES_AGGRESSIVE;
				CLANG_WARN_UNREACHABLE_CODE = YES;
				CLANG_WARN__DUPLICATE_METHOD_MATCH = YES;
				COPY_PHASE_STRIP = NO;
				DEBUG_INFORMATION_FORMAT = "dwarf-with-dsym";
				ENABLE_NS_ASSERTIONS = NO;
				ENABLE_STRICT_OBJC_MSGSEND = YES;
				GCC_C_LANGUAGE_STANDARD = gnu11;
				GCC_NO_COMMON_BLOCKS = YES;
				GCC_WARN_64_TO_32_BIT_CONVERSION = YES;
				GCC_WARN_ABOUT_RETURN_TYPE = YES_ERROR;
				GCC_WARN_UNDECLARED_SELECTOR = YES;
				GCC_WARN_UNINITIALIZED_AUTOS = YES_AGGRESSIVE;
				GCC_WARN_UNUSED_FUNCTION = YES;
				GCC_WARN_UNUSED_VARIABLE = YES;
				MACOSX_DEPLOYMENT_TARGET = 13.0;
				MTL_ENABLE_DEBUG_INFO = NO;
				MTL_FAST_MATH = YES;
				SDKROOT = macosx;
				SWIFT_COMPILATION_MODE = wholemodule;
				SWIFT_OPTIMIZATION_LEVEL = "-O";
			};
			name = Release;
		};
		92E144FC29C1D6C7008093B8 /* Debug */ = {
			isa = XCBuildConfiguration;
			buildSettings = {
				ASSETCATALOG_COMPILER_APPICON_NAME = AppIcon;
				ASSETCATALOG_COMPILER_GLOBAL_ACCENT_COLOR_NAME = AccentColor;
				CODE_SIGN_ENTITLEMENTS = DeveloperStorageSaver/DeveloperStorageSaver.entitlements;
				CODE_SIGN_STYLE = Automatic;
				COMBINE_HIDPI_IMAGES = YES;
				CURRENT_PROJECT_VERSION = 2;
				DEVELOPMENT_ASSET_PATHS = "\"DeveloperStorageSaver/Preview Content\"";
				DEVELOPMENT_TEAM = M79UR55F3F;
				ENABLE_HARDENED_RUNTIME = YES;
				ENABLE_PREVIEWS = YES;
				GENERATE_INFOPLIST_FILE = YES;
				INFOPLIST_FILE = DeveloperStorageSaver/Info.plist;
				INFOPLIST_KEY_CFBundleDisplayName = DeveloperStorageSaver;
				INFOPLIST_KEY_LSApplicationCategoryType = "public.app-category.developer-tools";
				INFOPLIST_KEY_LSUIElement = YES;
				INFOPLIST_KEY_NSHumanReadableCopyright = "";
				LD_RUNPATH_SEARCH_PATHS = (
					"$(inherited)",
					"@executable_path/../Frameworks",
				);
				MARKETING_VERSION = 1.1;
				PRODUCT_BUNDLE_IDENTIFIER = com.niclasjeppsson.DeveloperStorageSaver;
				PRODUCT_NAME = "$(TARGET_NAME)";
				SWIFT_EMIT_LOC_STRINGS = YES;
				SWIFT_VERSION = 5.0;
			};
			name = Debug;
		};
		92E144FD29C1D6C7008093B8 /* Release */ = {
			isa = XCBuildConfiguration;
			buildSettings = {
				ASSETCATALOG_COMPILER_APPICON_NAME = AppIcon;
				ASSETCATALOG_COMPILER_GLOBAL_ACCENT_COLOR_NAME = AccentColor;
				CODE_SIGN_ENTITLEMENTS = DeveloperStorageSaver/DeveloperStorageSaver.entitlements;
				"CODE_SIGN_IDENTITY[sdk=macosx*]" = "-";
				CODE_SIGN_STYLE = Automatic;
				COMBINE_HIDPI_IMAGES = YES;
				CURRENT_PROJECT_VERSION = 2;
				DEVELOPMENT_ASSET_PATHS = "\"DeveloperStorageSaver/Preview Content\"";
				DEVELOPMENT_TEAM = M79UR55F3F;
				ENABLE_HARDENED_RUNTIME = YES;
				ENABLE_PREVIEWS = YES;
				GENERATE_INFOPLIST_FILE = YES;
				INFOPLIST_FILE = DeveloperStorageSaver/Info.plist;
				INFOPLIST_KEY_CFBundleDisplayName = DeveloperStorageSaver;
				INFOPLIST_KEY_LSApplicationCategoryType = "public.app-category.developer-tools";
				INFOPLIST_KEY_LSUIElement = YES;
				INFOPLIST_KEY_NSHumanReadableCopyright = "";
				LD_RUNPATH_SEARCH_PATHS = (
					"$(inherited)",
					"@executable_path/../Frameworks",
				);
				MARKETING_VERSION = 1.1;
				PRODUCT_BUNDLE_IDENTIFIER = com.niclasjeppsson.DeveloperStorageSaver;
				PRODUCT_NAME = "$(TARGET_NAME)";
				SWIFT_EMIT_LOC_STRINGS = YES;
				SWIFT_VERSION = 5.0;
			};
			name = Release;
		};
/* End XCBuildConfiguration section */

/* Begin XCConfigurationList section */
		8464D81829E2E3BD0075FFA6 /* Build configuration list for PBXNativeTarget "AutoLauncher" */ = {
			isa = XCConfigurationList;
			buildConfigurations = (
				8464D81629E2E3BD0075FFA6 /* Debug */,
				8464D81729E2E3BD0075FFA6 /* Release */,
			);
			defaultConfigurationIsVisible = 0;
			defaultConfigurationName = Release;
		};
		92E144E729C1D6C6008093B8 /* Build configuration list for PBXProject "DeveloperStorageSaver" */ = {
			isa = XCConfigurationList;
			buildConfigurations = (
				92E144F929C1D6C7008093B8 /* Debug */,
				92E144FA29C1D6C7008093B8 /* Release */,
			);
			defaultConfigurationIsVisible = 0;
			defaultConfigurationName = Release;
		};
		92E144FB29C1D6C7008093B8 /* Build configuration list for PBXNativeTarget "DeveloperStorageSaver" */ = {
			isa = XCConfigurationList;
			buildConfigurations = (
				92E144FC29C1D6C7008093B8 /* Debug */,
				92E144FD29C1D6C7008093B8 /* Release */,
			);
			defaultConfigurationIsVisible = 0;
			defaultConfigurationName = Release;
		};
/* End XCConfigurationList section */
	};
	rootObject = 92E144E429C1D6C6008093B8 /* Project object */;
}
